
Microsoft Visual Studio Solution File, Format Version 12.00
Project("{FAE04EC0-301F-11D3-BF4B-00C04F79EFBC}") = "TrademarksRegistrarEasy", "TrademarksRegistrarEasy\TrademarksRegistrarEasy.csproj", "{A05F4709-0ED3-489F-9BCB-F00594C9252D}"
EndProject
Project("{FAE04EC0-301F-11D3-BF4B-00C04F79EFBC}") = "TrademarksRegistrar", "TrademarksRegistrar\TrademarksRegistrar.csproj", "{C848340C-4A70-4307-BE7D-99A42F443C39}"
EndProject
Project("{FAE04EC0-301F-11D3-BF4B-00C04F79EFBC}") = "MyHashSetLib", "MyHashSetLib\MyHashSetLib.csproj", "{52D5BE78-9D8C-43BB-AFF5-44C29F206733}"
EndProject
Project("{FAE04EC0-301F-11D3-BF4B-00C04F79EFBC}") = "BinaryTreeLesson", "BinaryTreeLesson\BinaryTreeLesson.csproj", "{81091ACA-C76D-4E31-A1E9-4E072012550A}"
EndProject
Project("{FAE04EC0-301F-11D3-BF4B-00C04F79EFBC}") = "GraphLesson", "GraphLesson\GraphLesson.csproj", "{4ABA1737-698E-4104-A5B4-CDC9B63FEF0B}"
EndProject
Global
	GlobalSection(SolutionConfigurationPlatforms) = preSolution
		Debug|Any CPU = Debug|Any CPU
		Release|Any CPU = Release|Any CPU
	EndGlobalSection
	GlobalSection(ProjectConfigurationPlatforms) = postSolution
		{A05F4709-0ED3-489F-9BCB-F00594C9252D}.Debug|Any CPU.ActiveCfg = Debug|Any CPU
		{A05F4709-0ED3-489F-9BCB-F00594C9252D}.Debug|Any CPU.Build.0 = Debug|Any CPU
		{A05F4709-0ED3-489F-9BCB-F00594C9252D}.Release|Any CPU.ActiveCfg = Release|Any CPU
		{A05F4709-0ED3-489F-9BCB-F00594C9252D}.Release|Any CPU.Build.0 = Release|Any CPU
		{C848340C-4A70-4307-BE7D-99A42F443C39}.Debug|Any CPU.ActiveCfg = Debug|Any CPU
		{C848340C-4A70-4307-BE7D-99A42F443C39}.Debug|Any CPU.Build.0 = Debug|Any CPU
		{C848340C-4A70-4307-BE7D-99A42F443C39}.Release|Any CPU.ActiveCfg = Release|Any CPU
		{C848340C-4A70-4307-BE7D-99A42F443C39}.Release|Any CPU.Build.0 = Release|Any CPU
		{52D5BE78-9D8C-43BB-AFF5-44C29F206733}.Debug|Any CPU.ActiveCfg = Debug|Any CPU
		{52D5BE78-9D8C-43BB-AFF5-44C29F206733}.Debug|Any CPU.Build.0 = Debug|Any CPU
		{52D5BE78-9D8C-43BB-AFF5-44C29F206733}.Release|Any CPU.ActiveCfg = Release|Any CPU
		{52D5BE78-9D8C-43BB-AFF5-44C29F206733}.Release|Any CPU.Build.0 = Release|Any CPU
		{81091ACA-C76D-4E31-A1E9-4E072012550A}.Debug|Any CPU.ActiveCfg = Debug|Any CPU
		{81091ACA-C76D-4E31-A1E9-4E072012550A}.Debug|Any CPU.Build.0 = Debug|Any CPU
		{81091ACA-C76D-4E31-A1E9-4E072012550A}.Release|Any CPU.ActiveCfg = Release|Any CPU
		{81091ACA-C76D-4E31-A1E9-4E072012550A}.Release|Any CPU.Build.0 = Release|Any CPU
		{4ABA1737-698E-4104-A5B4-CDC9B63FEF0B}.Debug|Any CPU.ActiveCfg = Debug|Any CPU
		{4ABA1737-698E-4104-A5B4-CDC9B63FEF0B}.Debug|Any CPU.Build.0 = Debug|Any CPU
		{4ABA1737-698E-4104-A5B4-CDC9B63FEF0B}.Release|Any CPU.ActiveCfg = Release|Any CPU
		{4ABA1737-698E-4104-A5B4-CDC9B63FEF0B}.Release|Any CPU.Build.0 = Release|Any CPU
	EndGlobalSection
EndGlobal
